// !$*UTF8*$!
{
	archiveVersion = 1;
	classes = {
	};
	objectVersion = 46;
	objects = {

/* Begin PBXBuildFile section */
		F12F83BF1A6AB8D200FCB891 /* Main.storyboard in Resources */ = {isa = PBXBuildFile; fileRef = F12F83BD1A6AB8D200FCB891 /* Main.storyboard */; };
		F1B339971A68947000CC34F7 /* ViewControllerAttestation1.swift in Sources */ = {isa = PBXBuildFile; fileRef = F1B339961A68947000CC34F7 /* ViewControllerAttestation1.swift */; };
		F1EA578D1A5369B600E0EFF2 /* AppDelegate.swift in Sources */ = {isa = PBXBuildFile; fileRef = F1EA578C1A5369B600E0EFF2 /* AppDelegate.swift */; };
		F1EA578F1A5369B600E0EFF2 /* ViewController.swift in Sources */ = {isa = PBXBuildFile; fileRef = F1EA578E1A5369B600E0EFF2 /* ViewController.swift */; };
		F1EA57941A5369B600E0EFF2 /* Images.xcassets in Resources */ = {isa = PBXBuildFile; fileRef = F1EA57931A5369B600E0EFF2 /* Images.xcassets */; };
		F1EA57971A5369B600E0EFF2 /* LaunchScreen.xib in Resources */ = {isa = PBXBuildFile; fileRef = F1EA57951A5369B600E0EFF2 /* LaunchScreen.xib */; };
		F1EA57A31A5369B600E0EFF2 /* VimySoldierEntryTests.swift in Sources */ = {isa = PBXBuildFile; fileRef = F1EA57A21A5369B600E0EFF2 /* VimySoldierEntryTests.swift */; };
		F1EA57AD1A64871E00E0EFF2 /* FullSoldier.swift in Sources */ = {isa = PBXBuildFile; fileRef = F1EA57AC1A64871E00E0EFF2 /* FullSoldier.swift */; };
/* End PBXBuildFile section */

/* Begin PBXContainerItemProxy section */
		F1EA579D1A5369B600E0EFF2 /* PBXContainerItemProxy */ = {
			isa = PBXContainerItemProxy;
			containerPortal = F1EA577F1A5369B600E0EFF2 /* Project object */;
			proxyType = 1;
			remoteGlobalIDString = F1EA57861A5369B600E0EFF2;
			remoteInfo = VimySoldierEntry;
		};
/* End PBXContainerItemProxy section */

/* Begin PBXFileReference section */
		F12F83BE1A6AB8D200FCB891 /* Base */ = {isa = PBXFileReference; lastKnownFileType = file.storyboard; name = Base; path = Base.lproj/Main.storyboard; sourceTree = "<group>"; };
		F1B339961A68947000CC34F7 /* ViewControllerAttestation1.swift */ = {isa = PBXFileReference; fileEncoding = 4; lastKnownFileType = sourcecode.swift; path = ViewControllerAttestation1.swift; sourceTree = "<group>"; };
		F1EA57871A5369B600E0EFF2 /* VimySoldierEntry.app */ = {isa = PBXFileReference; explicitFileType = wrapper.application; includeInIndex = 0; path = VimySoldierEntry.app; sourceTree = BUILT_PRODUCTS_DIR; };
		F1EA578B1A5369B600E0EFF2 /* Info.plist */ = {isa = PBXFileReference; lastKnownFileType = text.plist.xml; path = Info.plist; sourceTree = "<group>"; };
		F1EA578C1A5369B600E0EFF2 /* AppDelegate.swift */ = {isa = PBXFileReference; lastKnownFileType = sourcecode.swift; path = AppDelegate.swift; sourceTree = "<group>"; };
		F1EA578E1A5369B600E0EFF2 /* ViewController.swift */ = {isa = PBXFileReference; lastKnownFileType = sourcecode.swift; path = ViewController.swift; sourceTree = "<group>"; };
		F1EA57931A5369B600E0EFF2 /* Images.xcassets */ = {isa = PBXFileReference; lastKnownFileType = folder.assetcatalog; path = Images.xcassets; sourceTree = "<group>"; };
		F1EA57961A5369B600E0EFF2 /* Base */ = {isa = PBXFileReference; lastKnownFileType = file.xib; name = Base; path = Base.lproj/LaunchScreen.xib; sourceTree = "<group>"; };
		F1EA579C1A5369B600E0EFF2 /* VimySoldierEntryTests.xctest */ = {isa = PBXFileReference; explicitFileType = wrapper.cfbundle; includeInIndex = 0; path = VimySoldierEntryTests.xctest; sourceTree = BUILT_PRODUCTS_DIR; };
		F1EA57A11A5369B600E0EFF2 /* Info.plist */ = {isa = PBXFileReference; lastKnownFileType = text.plist.xml; path = Info.plist; sourceTree = "<group>"; };
		F1EA57A21A5369B600E0EFF2 /* VimySoldierEntryTests.swift */ = {isa = PBXFileReference; lastKnownFileType = sourcecode.swift; path = VimySoldierEntryTests.swift; sourceTree = "<group>"; };
		F1EA57AC1A64871E00E0EFF2 /* FullSoldier.swift */ = {isa = PBXFileReference; fileEncoding = 4; lastKnownFileType = sourcecode.swift; path = FullSoldier.swift; sourceTree = "<group>"; };
/* End PBXFileReference section */

/* Begin PBXFrameworksBuildPhase section */
		F1EA57841A5369B600E0EFF2 /* Frameworks */ = {
			isa = PBXFrameworksBuildPhase;
			buildActionMask = 2147483647;
			files = (
			);
			runOnlyForDeploymentPostprocessing = 0;
		};
		F1EA57991A5369B600E0EFF2 /* Frameworks */ = {
			isa = PBXFrameworksBuildPhase;
			buildActionMask = 2147483647;
			files = (
			);
			runOnlyForDeploymentPostprocessing = 0;
		};
/* End PBXFrameworksBuildPhase section */

/* Begin PBXGroup section */
		F1EA577E1A5369B600E0EFF2 = {
			isa = PBXGroup;
			children = (
				F1EA57891A5369B600E0EFF2 /* VimySoldierEntry */,
				F1EA579F1A5369B600E0EFF2 /* VimySoldierEntryTests */,
				F1EA57881A5369B600E0EFF2 /* Products */,
			);
			sourceTree = "<group>";
		};
		F1EA57881A5369B600E0EFF2 /* Products */ = {
			isa = PBXGroup;
			children = (
				F1EA57871A5369B600E0EFF2 /* VimySoldierEntry.app */,
				F1EA579C1A5369B600E0EFF2 /* VimySoldierEntryTests.xctest */,
			);
			name = Products;
			sourceTree = "<group>";
		};
		F1EA57891A5369B600E0EFF2 /* VimySoldierEntry */ = {
			isa = PBXGroup;
			children = (
				F1EA578C1A5369B600E0EFF2 /* AppDelegate.swift */,
				F1EA578E1A5369B600E0EFF2 /* ViewController.swift */,
				F1B339961A68947000CC34F7 /* ViewControllerAttestation1.swift */,
				F1EA57AC1A64871E00E0EFF2 /* FullSoldier.swift */,
				F12F83BD1A6AB8D200FCB891 /* Main.storyboard */,
				F1EA57931A5369B600E0EFF2 /* Images.xcassets */,
				F1EA57951A5369B600E0EFF2 /* LaunchScreen.xib */,
				F1EA578A1A5369B600E0EFF2 /* Supporting Files */,
			);
			path = VimySoldierEntry;
			sourceTree = "<group>";
		};
		F1EA578A1A5369B600E0EFF2 /* Supporting Files */ = {
			isa = PBXGroup;
			children = (
				F1EA578B1A5369B600E0EFF2 /* Info.plist */,
			);
			name = "Supporting Files";
			sourceTree = "<group>";
		};
		F1EA579F1A5369B600E0EFF2 /* VimySoldierEntryTests */ = {
			isa = PBXGroup;
			children = (
				F1EA57A21A5369B600E0EFF2 /* VimySoldierEntryTests.swift */,
				F1EA57A01A5369B600E0EFF2 /* Supporting Files */,
			);
			path = VimySoldierEntryTests;
			sourceTree = "<group>";
		};
		F1EA57A01A5369B600E0EFF2 /* Supporting Files */ = {
			isa = PBXGroup;
			children = (
				F1EA57A11A5369B600E0EFF2 /* Info.plist */,
			);
			name = "Supporting Files";
			sourceTree = "<group>";
		};
/* End PBXGroup section */

/* Begin PBXNativeTarget section */
		F1EA57861A5369B600E0EFF2 /* VimySoldierEntry */ = {
			isa = PBXNativeTarget;
			buildConfigurationList = F1EA57A61A5369B600E0EFF2 /* Build configuration list for PBXNativeTarget "VimySoldierEntry" */;
			buildPhases = (
				F1EA57831A5369B600E0EFF2 /* Sources */,
				F1EA57841A5369B600E0EFF2 /* Frameworks */,
				F1EA57851A5369B600E0EFF2 /* Resources */,
			);
			buildRules = (
			);
			dependencies = (
			);
			name = VimySoldierEntry;
			productName = VimySoldierEntry;
			productReference = F1EA57871A5369B600E0EFF2 /* VimySoldierEntry.app */;
			productType = "com.apple.product-type.application";
		};
		F1EA579B1A5369B600E0EFF2 /* VimySoldierEntryTests */ = {
			isa = PBXNativeTarget;
			buildConfigurationList = F1EA57A91A5369B600E0EFF2 /* Build configuration list for PBXNativeTarget "VimySoldierEntryTests" */;
			buildPhases = (
				F1EA57981A5369B600E0EFF2 /* Sources */,
				F1EA57991A5369B600E0EFF2 /* Frameworks */,
				F1EA579A1A5369B600E0EFF2 /* Resources */,
			);
			buildRules = (
			);
			dependencies = (
				F1EA579E1A5369B600E0EFF2 /* PBXTargetDependency */,
			);
			name = VimySoldierEntryTests;
			productName = VimySoldierEntryTests;
			productReference = F1EA579C1A5369B600E0EFF2 /* VimySoldierEntryTests.xctest */;
			productType = "com.apple.product-type.bundle.unit-test";
		};
/* End PBXNativeTarget section */

/* Begin PBXProject section */
		F1EA577F1A5369B600E0EFF2 /* Project object */ = {
			isa = PBXProject;
			attributes = {
				LastUpgradeCheck = 0610;
				ORGANIZATIONNAME = "Mason Black";
				TargetAttributes = {
					F1EA57861A5369B600E0EFF2 = {
						CreatedOnToolsVersion = 6.1.1;
					};
					F1EA579B1A5369B600E0EFF2 = {
						CreatedOnToolsVersion = 6.1.1;
						TestTargetID = F1EA57861A5369B600E0EFF2;
					};
				};
			};
			buildConfigurationList = F1EA57821A5369B600E0EFF2 /* Build configuration list for PBXProject "VimySoldierEntry" */;
			compatibilityVersion = "Xcode 3.2";
			developmentRegion = English;
			hasScannedForEncodings = 0;
			knownRegions = (
				en,
				Base,
			);
			mainGroup = F1EA577E1A5369B600E0EFF2;
			productRefGroup = F1EA57881A5369B600E0EFF2 /* Products */;
			projectDirPath = "";
			projectRoot = "";
			targets = (
				F1EA57861A5369B600E0EFF2 /* VimySoldierEntry */,
				F1EA579B1A5369B600E0EFF2 /* VimySoldierEntryTests */,
			);
		};
/* End PBXProject section */

/* Begin PBXResourcesBuildPhase section */
		F1EA57851A5369B600E0EFF2 /* Resources */ = {
			isa = PBXResourcesBuildPhase;
			buildActionMask = 2147483647;
			files = (
				F12F83BF1A6AB8D200FCB891 /* Main.storyboard in Resources */,
				F1EA57971A5369B600E0EFF2 /* LaunchScreen.xib in Resources */,
				F1EA57941A5369B600E0EFF2 /* Images.xcassets in Resources */,
			);
			runOnlyForDeploymentPostprocessing = 0;
		};
		F1EA579A1A5369B600E0EFF2 /* Resources */ = {
			isa = PBXResourcesBuildPhase;
			buildActionMask = 2147483647;
			files = (
			);
			runOnlyForDeploymentPostprocessing = 0;
		};
/* End PBXResourcesBuildPhase section */

/* Begin PBXSourcesBuildPhase section */
		F1EA57831A5369B600E0EFF2 /* Sources */ = {
			isa = PBXSourcesBuildPhase;
			buildActionMask = 2147483647;
			files = (
				F1EA578F1A5369B600E0EFF2 /* ViewController.swift in Sources */,
				F1EA57AD1A64871E00E0EFF2 /* FullSoldier.swift in Sources */,
				F1B339971A68947000CC34F7 /* ViewControllerAttestation1.swift in Sources */,
				F1EA578D1A5369B600E0EFF2 /* AppDelegate.swift in Sources */,
			);
			runOnlyForDeploymentPostprocessing = 0;
		};
		F1EA57981A5369B600E0EFF2 /* Sources */ = {
			isa = PBXSourcesBuildPhase;
			buildActionMask = 2147483647;
			files = (
				F1EA57A31A5369B600E0EFF2 /* VimySoldierEntryTests.swift in Sources */,
			);
			runOnlyForDeploymentPostprocessing = 0;
		};
/* End PBXSourcesBuildPhase section */

/* Begin PBXTargetDependency section */
		F1EA579E1A5369B600E0EFF2 /* PBXTargetDependency */ = {
			isa = PBXTargetDependency;
			target = F1EA57861A5369B600E0EFF2 /* VimySoldierEntry */;
			targetProxy = F1EA579D1A5369B600E0EFF2 /* PBXContainerItemProxy */;
		};
/* End PBXTargetDependency section */

/* Begin PBXVariantGroup section */
		F12F83BD1A6AB8D200FCB891 /* Main.storyboard */ = {
			isa = PBXVariantGroup;
			children = (
				F12F83BE1A6AB8D200FCB891 /* Base */,
			);
			name = Main.storyboard;
			sourceTree = "<group>";
		};
		F1EA57951A5369B600E0EFF2 /* LaunchScreen.xib */ = {
			isa = PBXVariantGroup;
			children = (
				F1EA57961A5369B600E0EFF2 /* Base */,
			);
			name = LaunchScreen.xib;
			sourceTree = "<group>";
		};
/* End PBXVariantGroup section */

/* Begin XCBuildConfiguration section */
		F1EA57A41A5369B600E0EFF2 /* Debug */ = {
			isa = XCBuildConfiguration;
			buildSettings = {
				ALWAYS_SEARCH_USER_PATHS = NO;
				CLANG_CXX_LANGUAGE_STANDARD = "gnu++0x";
				CLANG_CXX_LIBRARY = "libc++";
				CLANG_ENABLE_MODULES = YES;
				CLANG_ENABLE_OBJC_ARC = YES;
				CLANG_WARN_BOOL_CONVERSION = YES;
				CLANG_WARN_CONSTANT_CONVERSION = YES;
				CLANG_WARN_DIRECT_OBJC_ISA_USAGE = YES_ERROR;
				CLANG_WARN_EMPTY_BODY = YES;
				CLANG_WARN_ENUM_CONVERSION = YES;
				CLANG_WARN_INT_CONVERSION = YES;
				CLANG_WARN_OBJC_ROOT_CLASS = YES_ERROR;
				CLANG_WARN_UNREACHABLE_CODE = YES;
				CLANG_WARN__DUPLICATE_METHOD_MATCH = YES;
				"CODE_SIGN_IDENTITY[sdk=iphoneos*]" = "iPhone Developer";
				COPY_PHASE_STRIP = NO;
				ENABLE_STRICT_OBJC_MSGSEND = YES;
				GCC_C_LANGUAGE_STANDARD = gnu99;
				GCC_DYNAMIC_NO_PIC = NO;
				GCC_OPTIMIZATION_LEVEL = 0;
				GCC_PREPROCESSOR_DEFINITIONS = (
					"DEBUG=1",
					"$(inherited)",
				);
				GCC_SYMBOLS_PRIVATE_EXTERN = NO;
				GCC_WARN_64_TO_32_BIT_CONVERSION = YES;
				GCC_WARN_ABOUT_RETURN_TYPE = YES_ERROR;
				GCC_WARN_UNDECLARED_SELECTOR = YES;
				GCC_WARN_UNINITIALIZED_AUTOS = YES_AGGRESSIVE;
				GCC_WARN_UNUSED_FUNCTION = YES;
				GCC_WARN_UNUSED_VARIABLE = YES;
				IPHONEOS_DEPLOYMENT_TARGET = 8.1;
				MTL_ENABLE_DEBUG_INFO = YES;
				ONLY_ACTIVE_ARCH = YES;
				SDKROOT = iphoneos;
				SWIFT_OPTIMIZATION_LEVEL = "-Onone";
				TARGETED_DEVICE_FAMILY = 2;
			};
			name = Debug;
		};
		F1EA57A51A5369B600E0EFF2 /* Release */ = {
			isa = XCBuildConfiguration;
			buildSettings = {
				ALWAYS_SEARCH_USER_PATHS = NO;
				CLANG_CXX_LANGUAGE_STANDARD = "gnu++0x";
				CLANG_CXX_LIBRARY = "libc++";
				CLANG_ENABLE_MODULES = YES;
				CLANG_ENABLE_OBJC_ARC = YES;
				CLANG_WARN_BOOL_CONVERSION = YES;
				CLANG_WARN_CONSTANT_CONVERSION = YES;
				CLANG_WARN_DIRECT_OBJC_ISA_USAGE = YES_ERROR;
				CLANG_WARN_EMPTY_BODY = YES;
				CLANG_WARN_ENUM_CONVERSION = YES;
				CLANG_WARN_INT_CONVERSION = YES;
				CLANG_WARN_OBJC_ROOT_CLASS = YES_ERROR;
				CLANG_WARN_UNREACHABLE_CODE = YES;
				CLANG_WARN__DUPLICATE_METHOD_MATCH = YES;
				"CODE_SIGN_IDENTITY[sdk=iphoneos*]" = "iPhone Developer";
				COPY_PHASE_STRIP = YES;
				ENABLE_NS_ASSERTIONS = NO;
				ENABLE_STRICT_OBJC_MSGSEND = YES;
				GCC_C_LANGUAGE_STANDARD = gnu99;
				GCC_WARN_64_TO_32_BIT_CONVERSION = YES;
				GCC_WARN_ABOUT_RETURN_TYPE = YES_ERROR;
				GCC_WARN_UNDECLARED_SELECTOR = YES;
				GCC_WARN_UNINITIALIZED_AUTOS = YES_AGGRESSIVE;
				GCC_WARN_UNUSED_FUNCTION = YES;
				GCC_WARN_UNUSED_VARIABLE = YES;
				IPHONEOS_DEPLOYMENT_TARGET = 8.1;
				MTL_ENABLE_DEBUG_INFO = NO;
				SDKROOT = iphoneos;
				TARGETED_DEVICE_FAMILY = 2;
				VALIDATE_PRODUCT = YES;
			};
			name = Release;
		};
		F1EA57A71A5369B600E0EFF2 /* Debug */ = {
			isa = XCBuildConfiguration;
			buildSettings = {
				ASSETCATALOG_COMPILER_APPICON_NAME = AppIcon;
				INFOPLIST_FILE = VimySoldierEntry/Info.plist;
				LD_RUNPATH_SEARCH_PATHS = "$(inherited) @executable_path/Frameworks";
				PRODUCT_NAME = "$(TARGET_NAME)";
			};
			name = Debug;
		};
		F1EA57A81A5369B600E0EFF2 /* Release */ = {
			isa = XCBuildConfiguration;
			buildSettings = {
				ASSETCATALOG_COMPILER_APPICON_NAME = AppIcon;
				INFOPLIST_FILE = VimySoldierEntry/Info.plist;
				LD_RUNPATH_SEARCH_PATHS = "$(inherited) @executable_path/Frameworks";
				PRODUCT_NAME = "$(TARGET_NAME)";
			};
			name = Release;
		};
		F1EA57AA1A5369B600E0EFF2 /* Debug */ = {
			isa = XCBuildConfiguration;
			buildSettings = {
				BUNDLE_LOADER = "$(TEST_HOST)";
				FRAMEWORK_SEARCH_PATHS = (
					"$(SDKROOT)/Developer/Library/Frameworks",
					"$(inherited)",
				);
				GCC_PREPROCESSOR_DEFINITIONS = (
					"DEBUG=1",
					"$(inherited)",
				);
				INFOPLIST_FILE = VimySoldierEntryTests/Info.plist;
				LD_RUNPATH_SEARCH_PATHS = "$(inherited) @executable_path/Frameworks @loader_path/Frameworks";
				PRODUCT_NAME = "$(TARGET_NAME)";
				TEST_HOST = "$(BUILT_PRODUCTS_DIR)/VimySoldierEntry.app/VimySoldierEntry";
			};
			name = Debug;
		};
		F1EA57AB1A5369B600E0EFF2 /* Release */ = {
			isa = XCBuildConfiguration;
			buildSettings = {
				BUNDLE_LOADER = "$(TEST_HOST)";
				FRAMEWORK_SEARCH_PATHS = (
					"$(SDKROOT)/Developer/Library/Frameworks",
					"$(inherited)",
				);
				INFOPLIST_FILE = VimySoldierEntryTests/Info.plist;
				LD_RUNPATH_SEARCH_PATHS = "$(inherited) @executable_path/Frameworks @loader_path/Frameworks";
				PRODUCT_NAME = "$(TARGET_NAME)";
				TEST_HOST = "$(BUILT_PRODUCTS_DIR)/VimySoldierEntry.app/VimySoldierEntry";
			};
			name = Release;
		};
/* End XCBuildConfiguration section */

/* Begin XCConfigurationList section */
		F1EA57821A5369B600E0EFF2 /* Build configuration list for PBXProject "VimySoldierEntry" */ = {
			isa = XCConfigurationList;
			buildConfigurations = (
				F1EA57A41A5369B600E0EFF2 /* Debug */,
				F1EA57A51A5369B600E0EFF2 /* Release */,
			);
			defaultConfigurationIsVisible = 0;
			defaultConfigurationName = Release;
		};
		F1EA57A61A5369B600E0EFF2 /* Build configuration list for PBXNativeTarget "VimySoldierEntry" */ = {
			isa = XCConfigurationList;
			buildConfigurations = (
				F1EA57A71A5369B600E0EFF2 /* Debug */,
				F1EA57A81A5369B600E0EFF2 /* Release */,
			);
			defaultConfigurationIsVisible = 0;
			defaultConfigurationName = Release;
		};
		F1EA57A91A5369B600E0EFF2 /* Build configuration list for PBXNativeTarget "VimySoldierEntryTests" */ = {
			isa = XCConfigurationList;
			buildConfigurations = (
				F1EA57AA1A5369B600E0EFF2 /* Debug */,
				F1EA57AB1A5369B600E0EFF2 /* Release */,
			);
			defaultConfigurationIsVisible = 0;
			defaultConfigurationName = Release;
		};
/* End XCConfigurationList section */
	};
	rootObject = F1EA577F1A5369B600E0EFF2 /* Project object */;
}
